
Microsoft Visual Studio Solution File, Format Version 12.00
# Visual Studio Version 16
VisualStudioVersion = 16.0.29403.142
MinimumVisualStudioVersion = 10.0.40219.1
Project("{FAE04EC0-301F-11D3-BF4B-00C04F79EFBC}") = "SJSetWindowTopMost", "SJSetWindowTopMost\SJSetWindowTopMost.csproj", "{AD790481-7D19-48A8-A966-0FB8E9E2FE76}"
EndProject
Global
	GlobalSection(SolutionConfigurationPlatforms) = preSolution
		Debug|Any CPU = Debug|Any CPU
		Release|Any CPU = Release|Any CPU
	EndGlobalSection
	GlobalSection(ProjectConfigurationPlatforms) = postSolution
		{AD790481-7D19-48A8-A966-0FB8E9E2FE76}.Debug|Any CPU.ActiveCfg = Debug|Any CPU
		{AD790481-7D19-48A8-A966-0FB8E9E2FE76}.Debug|Any CPU.Build.0 = Debug|Any CPU
		{AD790481-7D19-48A8-A966-0FB8E9E2FE76}.Release|Any CPU.ActiveCfg = Release|Any CPU
		{AD790481-7D19-48A8-A966-0FB8E9E2FE76}.Release|Any CPU.Build.0 = Release|Any CPU
	EndGlobalSection
	GlobalSection(SolutionProperties) = preSolution
		HideSolutionNode = FALSE
	EndGlobalSection
	GlobalSection(ExtensibilityGlobals) = postSolution
		SolutionGuid = {1586E8A2-7987-4761-879A-62DF13B64BBD}
	EndGlobalSection
EndGlobal
