
Microsoft Visual Studio Solution File, Format Version 12.00
# Visual Studio Version 16
VisualStudioVersion = 16.0.29403.142
MinimumVisualStudioVersion = 10.0.40219.1
Project("{FAE04EC0-301F-11D3-BF4B-00C04F79EFBC}") = "SJPhotoCollect", "SJPhotoCollect\SJPhotoCollect.csproj", "{9F6F7647-E816-408B-8635-E379503DA204}"
EndProject
Global
	GlobalSection(SolutionConfigurationPlatforms) = preSolution
		Debug|Any CPU = Debug|Any CPU
		Release|Any CPU = Release|Any CPU
	EndGlobalSection
	GlobalSection(ProjectConfigurationPlatforms) = postSolution
		{9F6F7647-E816-408B-8635-E379503DA204}.Debug|Any CPU.ActiveCfg = Debug|Any CPU
		{9F6F7647-E816-408B-8635-E379503DA204}.Debug|Any CPU.Build.0 = Debug|Any CPU
		{9F6F7647-E816-408B-8635-E379503DA204}.Release|Any CPU.ActiveCfg = Release|Any CPU
		{9F6F7647-E816-408B-8635-E379503DA204}.Release|Any CPU.Build.0 = Release|Any CPU
	EndGlobalSection
	GlobalSection(SolutionProperties) = preSolution
		HideSolutionNode = FALSE
	EndGlobalSection
	GlobalSection(ExtensibilityGlobals) = postSolution
		SolutionGuid = {89CAFD46-9512-44FB-B831-A5E7243DA5D3}
	EndGlobalSection
EndGlobal
